
Microsoft Visual Studio Solution File, Format Version 12.00
# Visual Studio 15
VisualStudioVersion = 15.0.26124.0
MinimumVisualStudioVersion = 15.0.26124.0
Project("{FAE04EC0-301F-11D3-BF4B-00C04F79EFBC}") = "Todo.Domain", "Todo.Domain\Todo.Domain.csproj", "{0DAC748D-3BC1-4A38-AAAC-E8F1417592BE}"
EndProject
Project("{FAE04EC0-301F-11D3-BF4B-00C04F79EFBC}") = "Todo.Domain.Api", "Todo.Domain.Api\Todo.Domain.Api.csproj", "{49F715BB-67E1-42D2-A6E8-D4089ECB56BD}"
EndProject
Project("{FAE04EC0-301F-11D3-BF4B-00C04F79EFBC}") = "Todo.Domain.Infra", "Todo.Domain.Infra\Todo.Domain.Infra.csproj", "{32F094D7-E628-442E-86DC-5F450199D4B4}"
EndProject
Project("{FAE04EC0-301F-11D3-BF4B-00C04F79EFBC}") = "Todo.Domain.Tests", "Todo.Domain.Tests\Todo.Domain.Tests.csproj", "{BA29303F-0229-474A-8403-4BCF8CEC59F8}"
EndProject
Global
	GlobalSection(SolutionConfigurationPlatforms) = preSolution
		Debug|Any CPU = Debug|Any CPU
		Debug|x64 = Debug|x64
		Debug|x86 = Debug|x86
		Release|Any CPU = Release|Any CPU
		Release|x64 = Release|x64
		Release|x86 = Release|x86
	EndGlobalSection
	GlobalSection(SolutionProperties) = preSolution
		HideSolutionNode = FALSE
	EndGlobalSection
	GlobalSection(ProjectConfigurationPlatforms) = postSolution
		{0DAC748D-3BC1-4A38-AAAC-E8F1417592BE}.Debug|Any CPU.ActiveCfg = Debug|Any CPU
		{0DAC748D-3BC1-4A38-AAAC-E8F1417592BE}.Debug|Any CPU.Build.0 = Debug|Any CPU
		{0DAC748D-3BC1-4A38-AAAC-E8F1417592BE}.Debug|x64.ActiveCfg = Debug|Any CPU
		{0DAC748D-3BC1-4A38-AAAC-E8F1417592BE}.Debug|x64.Build.0 = Debug|Any CPU
		{0DAC748D-3BC1-4A38-AAAC-E8F1417592BE}.Debug|x86.ActiveCfg = Debug|Any CPU
		{0DAC748D-3BC1-4A38-AAAC-E8F1417592BE}.Debug|x86.Build.0 = Debug|Any CPU
		{0DAC748D-3BC1-4A38-AAAC-E8F1417592BE}.Release|Any CPU.ActiveCfg = Release|Any CPU
		{0DAC748D-3BC1-4A38-AAAC-E8F1417592BE}.Release|Any CPU.Build.0 = Release|Any CPU
		{0DAC748D-3BC1-4A38-AAAC-E8F1417592BE}.Release|x64.ActiveCfg = Release|Any CPU
		{0DAC748D-3BC1-4A38-AAAC-E8F1417592BE}.Release|x64.Build.0 = Release|Any CPU
		{0DAC748D-3BC1-4A38-AAAC-E8F1417592BE}.Release|x86.ActiveCfg = Release|Any CPU
		{0DAC748D-3BC1-4A38-AAAC-E8F1417592BE}.Release|x86.Build.0 = Release|Any CPU
		{49F715BB-67E1-42D2-A6E8-D4089ECB56BD}.Debug|Any CPU.ActiveCfg = Debug|Any CPU
		{49F715BB-67E1-42D2-A6E8-D4089ECB56BD}.Debug|Any CPU.Build.0 = Debug|Any CPU
		{49F715BB-67E1-42D2-A6E8-D4089ECB56BD}.Debug|x64.ActiveCfg = Debug|Any CPU
		{49F715BB-67E1-42D2-A6E8-D4089ECB56BD}.Debug|x64.Build.0 = Debug|Any CPU
		{49F715BB-67E1-42D2-A6E8-D4089ECB56BD}.Debug|x86.ActiveCfg = Debug|Any CPU
		{49F715BB-67E1-42D2-A6E8-D4089ECB56BD}.Debug|x86.Build.0 = Debug|Any CPU
		{49F715BB-67E1-42D2-A6E8-D4089ECB56BD}.Release|Any CPU.ActiveCfg = Release|Any CPU
		{49F715BB-67E1-42D2-A6E8-D4089ECB56BD}.Release|Any CPU.Build.0 = Release|Any CPU
		{49F715BB-67E1-42D2-A6E8-D4089ECB56BD}.Release|x64.ActiveCfg = Release|Any CPU
		{49F715BB-67E1-42D2-A6E8-D4089ECB56BD}.Release|x64.Build.0 = Release|Any CPU
		{49F715BB-67E1-42D2-A6E8-D4089ECB56BD}.Release|x86.ActiveCfg = Release|Any CPU
		{49F715BB-67E1-42D2-A6E8-D4089ECB56BD}.Release|x86.Build.0 = Release|Any CPU
		{32F094D7-E628-442E-86DC-5F450199D4B4}.Debug|Any CPU.ActiveCfg = Debug|Any CPU
		{32F094D7-E628-442E-86DC-5F450199D4B4}.Debug|Any CPU.Build.0 = Debug|Any CPU
		{32F094D7-E628-442E-86DC-5F450199D4B4}.Debug|x64.ActiveCfg = Debug|Any CPU
		{32F094D7-E628-442E-86DC-5F450199D4B4}.Debug|x64.Build.0 = Debug|Any CPU
		{32F094D7-E628-442E-86DC-5F450199D4B4}.Debug|x86.ActiveCfg = Debug|Any CPU
		{32F094D7-E628-442E-86DC-5F450199D4B4}.Debug|x86.Build.0 = Debug|Any CPU
		{32F094D7-E628-442E-86DC-5F450199D4B4}.Release|Any CPU.ActiveCfg = Release|Any CPU
		{32F094D7-E628-442E-86DC-5F450199D4B4}.Release|Any CPU.Build.0 = Release|Any CPU
		{32F094D7-E628-442E-86DC-5F450199D4B4}.Release|x64.ActiveCfg = Release|Any CPU
		{32F094D7-E628-442E-86DC-5F450199D4B4}.Release|x64.Build.0 = Release|Any CPU
		{32F094D7-E628-442E-86DC-5F450199D4B4}.Release|x86.ActiveCfg = Release|Any CPU
		{32F094D7-E628-442E-86DC-5F450199D4B4}.Release|x86.Build.0 = Release|Any CPU
		{BA29303F-0229-474A-8403-4BCF8CEC59F8}.Debug|Any CPU.ActiveCfg = Debug|Any CPU
		{BA29303F-0229-474A-8403-4BCF8CEC59F8}.Debug|Any CPU.Build.0 = Debug|Any CPU
		{BA29303F-0229-474A-8403-4BCF8CEC59F8}.Debug|x64.ActiveCfg = Debug|Any CPU
		{BA29303F-0229-474A-8403-4BCF8CEC59F8}.Debug|x64.Build.0 = Debug|Any CPU
		{BA29303F-0229-474A-8403-4BCF8CEC59F8}.Debug|x86.ActiveCfg = Debug|Any CPU
		{BA29303F-0229-474A-8403-4BCF8CEC59F8}.Debug|x86.Build.0 = Debug|Any CPU
		{BA29303F-0229-474A-8403-4BCF8CEC59F8}.Release|Any CPU.ActiveCfg = Release|Any CPU
		{BA29303F-0229-474A-8403-4BCF8CEC59F8}.Release|Any CPU.Build.0 = Release|Any CPU
		{BA29303F-0229-474A-8403-4BCF8CEC59F8}.Release|x64.ActiveCfg = Release|Any CPU
		{BA29303F-0229-474A-8403-4BCF8CEC59F8}.Release|x64.Build.0 = Release|Any CPU
		{BA29303F-0229-474A-8403-4BCF8CEC59F8}.Release|x86.ActiveCfg = Release|Any CPU
		{BA29303F-0229-474A-8403-4BCF8CEC59F8}.Release|x86.Build.0 = Release|Any CPU
	EndGlobalSection
EndGlobal
